
Microsoft Visual Studio Solution File, Format Version 12.00
# Visual Studio Version 17
VisualStudioVersion = 17.9.34728.123
MinimumVisualStudioVersion = 10.0.40219.1
Project("{FAE04EC0-301F-11D3-BF4B-00C04F79EFBC}") = "315G", "315G.csproj", "{79E5B714-E912-4143-8599-EAB98F51959F}"
EndProject
Global
	GlobalSection(SolutionConfigurationPlatforms) = preSolution
		Debug|Any CPU = Debug|Any CPU
		Release|Any CPU = Release|Any CPU
	EndGlobalSection
	GlobalSection(ProjectConfigurationPlatforms) = postSolution
		{79E5B714-E912-4143-8599-EAB98F51959F}.Debug|Any CPU.ActiveCfg = Debug|Any CPU
		{79E5B714-E912-4143-8599-EAB98F51959F}.Debug|Any CPU.Build.0 = Debug|Any CPU
		{79E5B714-E912-4143-8599-EAB98F51959F}.Release|Any CPU.ActiveCfg = Release|Any CPU
		{79E5B714-E912-4143-8599-EAB98F51959F}.Release|Any CPU.Build.0 = Release|Any CPU
	EndGlobalSection
	GlobalSection(SolutionProperties) = preSolution
		HideSolutionNode = FALSE
	EndGlobalSection
	GlobalSection(ExtensibilityGlobals) = postSolution
		SolutionGuid = {04EC1E42-07B4-44A6-ADDA-F997FFA2B55B}
	EndGlobalSection
EndGlobal
