
Microsoft Visual Studio Solution File, Format Version 12.00
# Visual Studio Version 17
VisualStudioVersion = 17.9.34728.123
MinimumVisualStudioVersion = 10.0.40219.1
Project("{FAE04EC0-301F-11D3-BF4B-00C04F79EFBC}") = "FizzBuzz", "FizzBuzz.csproj", "{C3081D4F-1EB5-4FE7-9EEA-C63E8F8ADBFD}"
EndProject
Global
	GlobalSection(SolutionConfigurationPlatforms) = preSolution
		Debug|Any CPU = Debug|Any CPU
		Release|Any CPU = Release|Any CPU
	EndGlobalSection
	GlobalSection(ProjectConfigurationPlatforms) = postSolution
		{C3081D4F-1EB5-4FE7-9EEA-C63E8F8ADBFD}.Debug|Any CPU.ActiveCfg = Debug|Any CPU
		{C3081D4F-1EB5-4FE7-9EEA-C63E8F8ADBFD}.Debug|Any CPU.Build.0 = Debug|Any CPU
		{C3081D4F-1EB5-4FE7-9EEA-C63E8F8ADBFD}.Release|Any CPU.ActiveCfg = Release|Any CPU
		{C3081D4F-1EB5-4FE7-9EEA-C63E8F8ADBFD}.Release|Any CPU.Build.0 = Release|Any CPU
	EndGlobalSection
	GlobalSection(SolutionProperties) = preSolution
		HideSolutionNode = FALSE
	EndGlobalSection
	GlobalSection(ExtensibilityGlobals) = postSolution
		SolutionGuid = {F79F031E-573B-4BC4-972F-89127A3378D2}
	EndGlobalSection
EndGlobal
