
Microsoft Visual Studio Solution File, Format Version 12.00
# Visual Studio Version 17
VisualStudioVersion = 17.9.34902.65
MinimumVisualStudioVersion = 10.0.40219.1
Project("{FAE04EC0-301F-11D3-BF4B-00C04F79EFBC}") = "323B", "323B.csproj", "{5AB71AC5-96F9-46D1-88AD-668ADA375E3A}"
EndProject
Global
	GlobalSection(SolutionConfigurationPlatforms) = preSolution
		Debug|Any CPU = Debug|Any CPU
		Release|Any CPU = Release|Any CPU
	EndGlobalSection
	GlobalSection(ProjectConfigurationPlatforms) = postSolution
		{5AB71AC5-96F9-46D1-88AD-668ADA375E3A}.Debug|Any CPU.ActiveCfg = Debug|Any CPU
		{5AB71AC5-96F9-46D1-88AD-668ADA375E3A}.Debug|Any CPU.Build.0 = Debug|Any CPU
		{5AB71AC5-96F9-46D1-88AD-668ADA375E3A}.Release|Any CPU.ActiveCfg = Release|Any CPU
		{5AB71AC5-96F9-46D1-88AD-668ADA375E3A}.Release|Any CPU.Build.0 = Release|Any CPU
	EndGlobalSection
	GlobalSection(SolutionProperties) = preSolution
		HideSolutionNode = FALSE
	EndGlobalSection
	GlobalSection(ExtensibilityGlobals) = postSolution
		SolutionGuid = {0F947B65-EFF4-4A52-A70F-F3BD86F0A883}
	EndGlobalSection
EndGlobal
