
Microsoft Visual Studio Solution File, Format Version 12.00
# Visual Studio Version 17
VisualStudioVersion = 17.9.34902.65
MinimumVisualStudioVersion = 10.0.40219.1
Project("{FAE04EC0-301F-11D3-BF4B-00C04F79EFBC}") = "323A", "323A.csproj", "{82CF40C5-6055-497A-80FC-73E2BDFC0676}"
EndProject
Global
	GlobalSection(SolutionConfigurationPlatforms) = preSolution
		Debug|Any CPU = Debug|Any CPU
		Release|Any CPU = Release|Any CPU
	EndGlobalSection
	GlobalSection(ProjectConfigurationPlatforms) = postSolution
		{82CF40C5-6055-497A-80FC-73E2BDFC0676}.Debug|Any CPU.ActiveCfg = Debug|Any CPU
		{82CF40C5-6055-497A-80FC-73E2BDFC0676}.Debug|Any CPU.Build.0 = Debug|Any CPU
		{82CF40C5-6055-497A-80FC-73E2BDFC0676}.Release|Any CPU.ActiveCfg = Release|Any CPU
		{82CF40C5-6055-497A-80FC-73E2BDFC0676}.Release|Any CPU.Build.0 = Release|Any CPU
	EndGlobalSection
	GlobalSection(SolutionProperties) = preSolution
		HideSolutionNode = FALSE
	EndGlobalSection
	GlobalSection(ExtensibilityGlobals) = postSolution
		SolutionGuid = {6DD79097-8FEF-4FED-8D8B-47B1D95B6F13}
	EndGlobalSection
EndGlobal
