
Microsoft Visual Studio Solution File, Format Version 12.00
# Visual Studio Version 17
VisualStudioVersion = 17.10.34916.146
MinimumVisualStudioVersion = 10.0.40219.1
Project("{FAE04EC0-301F-11D3-BF4B-00C04F79EFBC}") = "CalculateShapes", "CalculateShapes.csproj", "{90AD27FA-7C59-4222-9493-D270EDD7E557}"
EndProject
Global
	GlobalSection(SolutionConfigurationPlatforms) = preSolution
		Debug|Any CPU = Debug|Any CPU
		Release|Any CPU = Release|Any CPU
	EndGlobalSection
	GlobalSection(ProjectConfigurationPlatforms) = postSolution
		{90AD27FA-7C59-4222-9493-D270EDD7E557}.Debug|Any CPU.ActiveCfg = Debug|Any CPU
		{90AD27FA-7C59-4222-9493-D270EDD7E557}.Debug|Any CPU.Build.0 = Debug|Any CPU
		{90AD27FA-7C59-4222-9493-D270EDD7E557}.Release|Any CPU.ActiveCfg = Release|Any CPU
		{90AD27FA-7C59-4222-9493-D270EDD7E557}.Release|Any CPU.Build.0 = Release|Any CPU
	EndGlobalSection
	GlobalSection(SolutionProperties) = preSolution
		HideSolutionNode = FALSE
	EndGlobalSection
	GlobalSection(ExtensibilityGlobals) = postSolution
		SolutionGuid = {7B9D74F5-1E91-4646-8EC3-6C26EC57EB9B}
	EndGlobalSection
EndGlobal
