
Microsoft Visual Studio Solution File, Format Version 12.00
# Visual Studio Version 17
VisualStudioVersion = 17.9.34728.123
MinimumVisualStudioVersion = 10.0.40219.1
Project("{FAE04EC0-301F-11D3-BF4B-00C04F79EFBC}") = "315E", "315E.csproj", "{865829B0-5EDA-4246-BC03-60C0143A76AD}"
EndProject
Global
	GlobalSection(SolutionConfigurationPlatforms) = preSolution
		Debug|Any CPU = Debug|Any CPU
		Release|Any CPU = Release|Any CPU
	EndGlobalSection
	GlobalSection(ProjectConfigurationPlatforms) = postSolution
		{865829B0-5EDA-4246-BC03-60C0143A76AD}.Debug|Any CPU.ActiveCfg = Debug|Any CPU
		{865829B0-5EDA-4246-BC03-60C0143A76AD}.Debug|Any CPU.Build.0 = Debug|Any CPU
		{865829B0-5EDA-4246-BC03-60C0143A76AD}.Release|Any CPU.ActiveCfg = Release|Any CPU
		{865829B0-5EDA-4246-BC03-60C0143A76AD}.Release|Any CPU.Build.0 = Release|Any CPU
	EndGlobalSection
	GlobalSection(SolutionProperties) = preSolution
		HideSolutionNode = FALSE
	EndGlobalSection
	GlobalSection(ExtensibilityGlobals) = postSolution
		SolutionGuid = {F6E43725-4FD6-4CD9-8277-68B612DBF9B4}
	EndGlobalSection
EndGlobal
