
Microsoft Visual Studio Solution File, Format Version 12.00
# Visual Studio Version 17
VisualStudioVersion = 17.9.34728.123
MinimumVisualStudioVersion = 10.0.40219.1
Project("{FAE04EC0-301F-11D3-BF4B-00C04F79EFBC}") = "321C", "321C.csproj", "{0FC90FAF-7B39-4E74-A1A0-1EDF153389E4}"
EndProject
Global
	GlobalSection(SolutionConfigurationPlatforms) = preSolution
		Debug|Any CPU = Debug|Any CPU
		Release|Any CPU = Release|Any CPU
	EndGlobalSection
	GlobalSection(ProjectConfigurationPlatforms) = postSolution
		{0FC90FAF-7B39-4E74-A1A0-1EDF153389E4}.Debug|Any CPU.ActiveCfg = Debug|Any CPU
		{0FC90FAF-7B39-4E74-A1A0-1EDF153389E4}.Debug|Any CPU.Build.0 = Debug|Any CPU
		{0FC90FAF-7B39-4E74-A1A0-1EDF153389E4}.Release|Any CPU.ActiveCfg = Release|Any CPU
		{0FC90FAF-7B39-4E74-A1A0-1EDF153389E4}.Release|Any CPU.Build.0 = Release|Any CPU
	EndGlobalSection
	GlobalSection(SolutionProperties) = preSolution
		HideSolutionNode = FALSE
	EndGlobalSection
	GlobalSection(ExtensibilityGlobals) = postSolution
		SolutionGuid = {126B1A81-1EB1-4156-A1A0-4DF4BCDAAB3C}
	EndGlobalSection
EndGlobal
