
Microsoft Visual Studio Solution File, Format Version 12.00
# Visual Studio Version 17
VisualStudioVersion = 17.10.34916.146
MinimumVisualStudioVersion = 10.0.40219.1
Project("{FAE04EC0-301F-11D3-BF4B-00C04F79EFBC}") = "328A", "328A.csproj", "{AB8548D3-6007-4C10-8A3B-44D76291A6F6}"
EndProject
Project("{FAE04EC0-301F-11D3-BF4B-00C04F79EFBC}") = "328A.Test", "..\328A.Test\328A.Test.csproj", "{C2A8A0FF-B04B-4919-A5DA-5C23D3273ED1}"
EndProject
Global
	GlobalSection(SolutionConfigurationPlatforms) = preSolution
		Debug|Any CPU = Debug|Any CPU
		Release|Any CPU = Release|Any CPU
	EndGlobalSection
	GlobalSection(ProjectConfigurationPlatforms) = postSolution
		{AB8548D3-6007-4C10-8A3B-44D76291A6F6}.Debug|Any CPU.ActiveCfg = Debug|Any CPU
		{AB8548D3-6007-4C10-8A3B-44D76291A6F6}.Debug|Any CPU.Build.0 = Debug|Any CPU
		{AB8548D3-6007-4C10-8A3B-44D76291A6F6}.Release|Any CPU.ActiveCfg = Release|Any CPU
		{AB8548D3-6007-4C10-8A3B-44D76291A6F6}.Release|Any CPU.Build.0 = Release|Any CPU
		{C2A8A0FF-B04B-4919-A5DA-5C23D3273ED1}.Debug|Any CPU.ActiveCfg = Debug|Any CPU
		{C2A8A0FF-B04B-4919-A5DA-5C23D3273ED1}.Debug|Any CPU.Build.0 = Debug|Any CPU
		{C2A8A0FF-B04B-4919-A5DA-5C23D3273ED1}.Release|Any CPU.ActiveCfg = Release|Any CPU
		{C2A8A0FF-B04B-4919-A5DA-5C23D3273ED1}.Release|Any CPU.Build.0 = Release|Any CPU
	EndGlobalSection
	GlobalSection(SolutionProperties) = preSolution
		HideSolutionNode = FALSE
	EndGlobalSection
	GlobalSection(ExtensibilityGlobals) = postSolution
		SolutionGuid = {C5AE190F-218D-47AC-8EF8-83352E43F8D5}
	EndGlobalSection
EndGlobal
