
Microsoft Visual Studio Solution File, Format Version 12.00
# Visual Studio Version 17
VisualStudioVersion = 17.8.34316.72
MinimumVisualStudioVersion = 10.0.40219.1
Project("{FAE04EC0-301F-11D3-BF4B-00C04F79EFBC}") = "SimpleChessMoves", "SimpleChessMoves\SimpleChessMoves.csproj", "{D6C76C5B-253B-4B0F-A3FF-042BCD4AC31A}"
EndProject
Global
	GlobalSection(SolutionConfigurationPlatforms) = preSolution
		Debug|Any CPU = Debug|Any CPU
		Release|Any CPU = Release|Any CPU
	EndGlobalSection
	GlobalSection(ProjectConfigurationPlatforms) = postSolution
		{D6C76C5B-253B-4B0F-A3FF-042BCD4AC31A}.Debug|Any CPU.ActiveCfg = Debug|Any CPU
		{D6C76C5B-253B-4B0F-A3FF-042BCD4AC31A}.Debug|Any CPU.Build.0 = Debug|Any CPU
		{D6C76C5B-253B-4B0F-A3FF-042BCD4AC31A}.Release|Any CPU.ActiveCfg = Release|Any CPU
		{D6C76C5B-253B-4B0F-A3FF-042BCD4AC31A}.Release|Any CPU.Build.0 = Release|Any CPU
	EndGlobalSection
	GlobalSection(SolutionProperties) = preSolution
		HideSolutionNode = FALSE
	EndGlobalSection
	GlobalSection(ExtensibilityGlobals) = postSolution
		SolutionGuid = {890E4359-717A-4A00-AF3E-6E4F5938F5AA}
	EndGlobalSection
EndGlobal
