
Microsoft Visual Studio Solution File, Format Version 12.00
# Visual Studio Version 17
VisualStudioVersion = 17.9.34728.123
MinimumVisualStudioVersion = 10.0.40219.1
Project("{FAE04EC0-301F-11D3-BF4B-00C04F79EFBC}") = "PasswordGenerator", "PasswordGenerator.csproj", "{557FAEB9-E269-43B6-8FC2-62B06C80EF50}"
EndProject
Global
	GlobalSection(SolutionConfigurationPlatforms) = preSolution
		Debug|Any CPU = Debug|Any CPU
		Release|Any CPU = Release|Any CPU
	EndGlobalSection
	GlobalSection(ProjectConfigurationPlatforms) = postSolution
		{557FAEB9-E269-43B6-8FC2-62B06C80EF50}.Debug|Any CPU.ActiveCfg = Debug|Any CPU
		{557FAEB9-E269-43B6-8FC2-62B06C80EF50}.Debug|Any CPU.Build.0 = Debug|Any CPU
		{557FAEB9-E269-43B6-8FC2-62B06C80EF50}.Release|Any CPU.ActiveCfg = Release|Any CPU
		{557FAEB9-E269-43B6-8FC2-62B06C80EF50}.Release|Any CPU.Build.0 = Release|Any CPU
	EndGlobalSection
	GlobalSection(SolutionProperties) = preSolution
		HideSolutionNode = FALSE
	EndGlobalSection
	GlobalSection(ExtensibilityGlobals) = postSolution
		SolutionGuid = {F7F176DD-C8D6-4255-874E-F9DEB47ADCCD}
	EndGlobalSection
EndGlobal
