
Microsoft Visual Studio Solution File, Format Version 12.00
# Visual Studio Version 17
VisualStudioVersion = 17.10.34916.146
MinimumVisualStudioVersion = 10.0.40219.1
Project("{FAE04EC0-301F-11D3-BF4B-00C04F79EFBC}") = "348A", "348A.csproj", "{081C82FB-F965-4C71-B981-4FE7146FEC33}"
EndProject
Global
	GlobalSection(SolutionConfigurationPlatforms) = preSolution
		Debug|Any CPU = Debug|Any CPU
		Release|Any CPU = Release|Any CPU
	EndGlobalSection
	GlobalSection(ProjectConfigurationPlatforms) = postSolution
		{081C82FB-F965-4C71-B981-4FE7146FEC33}.Debug|Any CPU.ActiveCfg = Debug|Any CPU
		{081C82FB-F965-4C71-B981-4FE7146FEC33}.Debug|Any CPU.Build.0 = Debug|Any CPU
		{081C82FB-F965-4C71-B981-4FE7146FEC33}.Release|Any CPU.ActiveCfg = Release|Any CPU
		{081C82FB-F965-4C71-B981-4FE7146FEC33}.Release|Any CPU.Build.0 = Release|Any CPU
	EndGlobalSection
	GlobalSection(SolutionProperties) = preSolution
		HideSolutionNode = FALSE
	EndGlobalSection
	GlobalSection(ExtensibilityGlobals) = postSolution
		SolutionGuid = {08F3CBBD-ED61-4C72-9C9C-E6C383776DF7}
	EndGlobalSection
EndGlobal
